
Microsoft Visual Studio Solution File, Format Version 12.00
# Visual Studio 15
VisualStudioVersion = 15.0.27703.2035
MinimumVisualStudioVersion = 10.0.40219.1
Project("{FAE04EC0-301F-11D3-BF4B-00C04F79EFBC}") = "LineDrawer", "LineDrawer\LineDrawer.csproj", "{3D669ABB-FC67-4C0B-8D09-90F706CAEA10}"
EndProject
Project("{FAE04EC0-301F-11D3-BF4B-00C04F79EFBC}") = "LineDrawer.Test", "LineDrawer.Test\LineDrawer.Test.csproj", "{EE684B2D-A6E5-4FD9-BFF9-991EC6E9A6EA}"
EndProject
Project("{FAE04EC0-301F-11D3-BF4B-00C04F79EFBC}") = "CirclePlot", "CirclePlot\CirclePlot.csproj", "{0ACBC0B8-1E66-421B-91CA-B0FC10284EFF}"
EndProject
Global
	GlobalSection(SolutionConfigurationPlatforms) = preSolution
		Debug|Any CPU = Debug|Any CPU
		Release|Any CPU = Release|Any CPU
	EndGlobalSection
	GlobalSection(ProjectConfigurationPlatforms) = postSolution
		{3D669ABB-FC67-4C0B-8D09-90F706CAEA10}.Debug|Any CPU.ActiveCfg = Debug|Any CPU
		{3D669ABB-FC67-4C0B-8D09-90F706CAEA10}.Debug|Any CPU.Build.0 = Debug|Any CPU
		{3D669ABB-FC67-4C0B-8D09-90F706CAEA10}.Release|Any CPU.ActiveCfg = Release|Any CPU
		{3D669ABB-FC67-4C0B-8D09-90F706CAEA10}.Release|Any CPU.Build.0 = Release|Any CPU
		{EE684B2D-A6E5-4FD9-BFF9-991EC6E9A6EA}.Debug|Any CPU.ActiveCfg = Debug|Any CPU
		{EE684B2D-A6E5-4FD9-BFF9-991EC6E9A6EA}.Debug|Any CPU.Build.0 = Debug|Any CPU
		{EE684B2D-A6E5-4FD9-BFF9-991EC6E9A6EA}.Release|Any CPU.ActiveCfg = Release|Any CPU
		{EE684B2D-A6E5-4FD9-BFF9-991EC6E9A6EA}.Release|Any CPU.Build.0 = Release|Any CPU
		{0ACBC0B8-1E66-421B-91CA-B0FC10284EFF}.Debug|Any CPU.ActiveCfg = Debug|Any CPU
		{0ACBC0B8-1E66-421B-91CA-B0FC10284EFF}.Debug|Any CPU.Build.0 = Debug|Any CPU
		{0ACBC0B8-1E66-421B-91CA-B0FC10284EFF}.Release|Any CPU.ActiveCfg = Release|Any CPU
		{0ACBC0B8-1E66-421B-91CA-B0FC10284EFF}.Release|Any CPU.Build.0 = Release|Any CPU
	EndGlobalSection
	GlobalSection(SolutionProperties) = preSolution
		HideSolutionNode = FALSE
	EndGlobalSection
	GlobalSection(ExtensibilityGlobals) = postSolution
		SolutionGuid = {3876090F-F54A-4578-A435-1076E61BDA3D}
	EndGlobalSection
EndGlobal
